
Microsoft Visual Studio Solution File, Format Version 12.00
# Visual Studio Version 16
VisualStudioVersion = 16.0.31911.196
MinimumVisualStudioVersion = 10.0.40219.1
Project("{2150E333-8FDC-42A3-9474-1A3956D46DE8}") = "src", "src", "{82684175-A219-4391-A8BE-7947C695B68A}"
EndProject
Project("{FAE04EC0-301F-11D3-BF4B-00C04F79EFBC}") = "Poc.Redis.Api", "src\Poc.Redis.Api\Poc.Redis.Api.csproj", "{7C52FA0C-5EE6-4360-A7AE-564749B41D75}"
EndProject
Global
	GlobalSection(SolutionConfigurationPlatforms) = preSolution
		Debug|Any CPU = Debug|Any CPU
		Release|Any CPU = Release|Any CPU
	EndGlobalSection
	GlobalSection(ProjectConfigurationPlatforms) = postSolution
		{7C52FA0C-5EE6-4360-A7AE-564749B41D75}.Debug|Any CPU.ActiveCfg = Debug|Any CPU
		{7C52FA0C-5EE6-4360-A7AE-564749B41D75}.Debug|Any CPU.Build.0 = Debug|Any CPU
		{7C52FA0C-5EE6-4360-A7AE-564749B41D75}.Release|Any CPU.ActiveCfg = Release|Any CPU
		{7C52FA0C-5EE6-4360-A7AE-564749B41D75}.Release|Any CPU.Build.0 = Release|Any CPU
	EndGlobalSection
	GlobalSection(SolutionProperties) = preSolution
		HideSolutionNode = FALSE
	EndGlobalSection
	GlobalSection(NestedProjects) = preSolution
		{7C52FA0C-5EE6-4360-A7AE-564749B41D75} = {82684175-A219-4391-A8BE-7947C695B68A}
	EndGlobalSection
	GlobalSection(ExtensibilityGlobals) = postSolution
		SolutionGuid = {71C3DCA7-8434-4AE8-934C-20603DF2C544}
	EndGlobalSection
EndGlobal
